
Microsoft Visual Studio Solution File, Format Version 12.00
# Visual Studio Version 17
VisualStudioVersion = 17.14.36310.24
MinimumVisualStudioVersion = 10.0.40219.1
Project("{FAE04EC0-301F-11D3-BF4B-00C04F79EFBC}") = "Restaurant.Domain", "Restaurant.Domain\Restaurant.Domain.csproj", "{6DFF1713-D416-4233-8A56-23424F5554FE}"
EndProject
Project("{FAE04EC0-301F-11D3-BF4B-00C04F79EFBC}") = "Restaurant.Infrastructure", "Restaurant.Infrastructure\Restaurant.Infrastructure.csproj", "{33D29256-B145-435D-A42C-A87C1504848C}"
EndProject
Project("{FAE04EC0-301F-11D3-BF4B-00C04F79EFBC}") = "Restaurant.Application", "Restaurant.Application\Restaurant.Application.csproj", "{D70C719A-53D7-4C7E-BFEC-5E8F3EA9214A}"
EndProject
Project("{FAE04EC0-301F-11D3-BF4B-00C04F79EFBC}") = "Restaurant.API", "Restaurant.API\Restaurant.API.csproj", "{ACC97929-AA85-4D15-9BF8-38EA285751A2}"
EndProject
Global
	GlobalSection(SolutionConfigurationPlatforms) = preSolution
		Debug|Any CPU = Debug|Any CPU
		Release|Any CPU = Release|Any CPU
	EndGlobalSection
	GlobalSection(ProjectConfigurationPlatforms) = postSolution
		{6DFF1713-D416-4233-8A56-23424F5554FE}.Debug|Any CPU.ActiveCfg = Debug|Any CPU
		{6DFF1713-D416-4233-8A56-23424F5554FE}.Debug|Any CPU.Build.0 = Debug|Any CPU
		{6DFF1713-D416-4233-8A56-23424F5554FE}.Release|Any CPU.ActiveCfg = Release|Any CPU
		{6DFF1713-D416-4233-8A56-23424F5554FE}.Release|Any CPU.Build.0 = Release|Any CPU
		{33D29256-B145-435D-A42C-A87C1504848C}.Debug|Any CPU.ActiveCfg = Debug|Any CPU
		{33D29256-B145-435D-A42C-A87C1504848C}.Debug|Any CPU.Build.0 = Debug|Any CPU
		{33D29256-B145-435D-A42C-A87C1504848C}.Release|Any CPU.ActiveCfg = Release|Any CPU
		{33D29256-B145-435D-A42C-A87C1504848C}.Release|Any CPU.Build.0 = Release|Any CPU
		{D70C719A-53D7-4C7E-BFEC-5E8F3EA9214A}.Debug|Any CPU.ActiveCfg = Debug|Any CPU
		{D70C719A-53D7-4C7E-BFEC-5E8F3EA9214A}.Debug|Any CPU.Build.0 = Debug|Any CPU
		{D70C719A-53D7-4C7E-BFEC-5E8F3EA9214A}.Release|Any CPU.ActiveCfg = Release|Any CPU
		{D70C719A-53D7-4C7E-BFEC-5E8F3EA9214A}.Release|Any CPU.Build.0 = Release|Any CPU
		{ACC97929-AA85-4D15-9BF8-38EA285751A2}.Debug|Any CPU.ActiveCfg = Debug|Any CPU
		{ACC97929-AA85-4D15-9BF8-38EA285751A2}.Debug|Any CPU.Build.0 = Debug|Any CPU
		{ACC97929-AA85-4D15-9BF8-38EA285751A2}.Release|Any CPU.ActiveCfg = Release|Any CPU
		{ACC97929-AA85-4D15-9BF8-38EA285751A2}.Release|Any CPU.Build.0 = Release|Any CPU
	EndGlobalSection
	GlobalSection(SolutionProperties) = preSolution
		HideSolutionNode = FALSE
	EndGlobalSection
	GlobalSection(ExtensibilityGlobals) = postSolution
		SolutionGuid = {7F10EACA-2F04-435B-BF5D-9236C92D3BF9}
	EndGlobalSection
EndGlobal
